
Microsoft Visual Studio Solution File, Format Version 12.00
# Visual Studio Version 16
VisualStudioVersion = 16.0.30503.244
MinimumVisualStudioVersion = 10.0.40219.1
Project("{9A19103F-16F7-4668-BE54-9A1E7A4F7556}") = "ArticleManager.Web", "ArticleManager.Web\ArticleManager.Web.csproj", "{D5B74C06-C3AF-46AE-97F0-68C105B8EBE8}"
EndProject
Project("{9A19103F-16F7-4668-BE54-9A1E7A4F7556}") = "ArticleManager.Api", "ArticleManager.Api\ArticleManager.Api.csproj", "{9A8D89A3-BE09-4BBC-943C-CCE8BD192FF1}"
EndProject
Project("{9A19103F-16F7-4668-BE54-9A1E7A4F7556}") = "ArticleManager.Core", "ArticleManager.Core\ArticleManager.Core.csproj", "{95F9C80F-79AE-411D-BF7D-3D7F9F43F722}"
EndProject
Project("{9A19103F-16F7-4668-BE54-9A1E7A4F7556}") = "Pin.Web.Blazor", "Pin.Web.Blazor\Pin.Web.Blazor.csproj", "{F93D2F02-2EC6-4C96-9585-BDF56BAC250E}"
EndProject
Global
	GlobalSection(SolutionConfigurationPlatforms) = preSolution
		Debug|Any CPU = Debug|Any CPU
		Release|Any CPU = Release|Any CPU
	EndGlobalSection
	GlobalSection(ProjectConfigurationPlatforms) = postSolution
		{D5B74C06-C3AF-46AE-97F0-68C105B8EBE8}.Debug|Any CPU.ActiveCfg = Debug|Any CPU
		{D5B74C06-C3AF-46AE-97F0-68C105B8EBE8}.Debug|Any CPU.Build.0 = Debug|Any CPU
		{D5B74C06-C3AF-46AE-97F0-68C105B8EBE8}.Release|Any CPU.ActiveCfg = Release|Any CPU
		{D5B74C06-C3AF-46AE-97F0-68C105B8EBE8}.Release|Any CPU.Build.0 = Release|Any CPU
		{9A8D89A3-BE09-4BBC-943C-CCE8BD192FF1}.Debug|Any CPU.ActiveCfg = Debug|Any CPU
		{9A8D89A3-BE09-4BBC-943C-CCE8BD192FF1}.Debug|Any CPU.Build.0 = Debug|Any CPU
		{9A8D89A3-BE09-4BBC-943C-CCE8BD192FF1}.Release|Any CPU.ActiveCfg = Release|Any CPU
		{9A8D89A3-BE09-4BBC-943C-CCE8BD192FF1}.Release|Any CPU.Build.0 = Release|Any CPU
		{95F9C80F-79AE-411D-BF7D-3D7F9F43F722}.Debug|Any CPU.ActiveCfg = Debug|Any CPU
		{95F9C80F-79AE-411D-BF7D-3D7F9F43F722}.Debug|Any CPU.Build.0 = Debug|Any CPU
		{95F9C80F-79AE-411D-BF7D-3D7F9F43F722}.Release|Any CPU.ActiveCfg = Release|Any CPU
		{95F9C80F-79AE-411D-BF7D-3D7F9F43F722}.Release|Any CPU.Build.0 = Release|Any CPU
		{F93D2F02-2EC6-4C96-9585-BDF56BAC250E}.Debug|Any CPU.ActiveCfg = Debug|Any CPU
		{F93D2F02-2EC6-4C96-9585-BDF56BAC250E}.Debug|Any CPU.Build.0 = Debug|Any CPU
		{F93D2F02-2EC6-4C96-9585-BDF56BAC250E}.Release|Any CPU.ActiveCfg = Release|Any CPU
		{F93D2F02-2EC6-4C96-9585-BDF56BAC250E}.Release|Any CPU.Build.0 = Release|Any CPU
	EndGlobalSection
	GlobalSection(SolutionProperties) = preSolution
		HideSolutionNode = FALSE
	EndGlobalSection
	GlobalSection(ExtensibilityGlobals) = postSolution
		SolutionGuid = {22957441-5879-4769-973C-297F90DA02BF}
	EndGlobalSection
EndGlobal
